
Microsoft Visual Studio Solution File, Format Version 12.00
# Visual Studio 15
VisualStudioVersion = 15.0.26403.7
MinimumVisualStudioVersion = 10.0.40219.1
Project("{FAE04EC0-301F-11D3-BF4B-00C04F79EFBC}") = "MixtureSSH", "MixtureSSH\MixtureSSH.csproj", "{4A0F4D3F-A7A6-46A6-9515-48D601BBE31A}"
EndProject
Global
	GlobalSection(SolutionConfigurationPlatforms) = preSolution
		Debug|Any CPU = Debug|Any CPU
		Release|Any CPU = Release|Any CPU
	EndGlobalSection
	GlobalSection(ProjectConfigurationPlatforms) = postSolution
		{4A0F4D3F-A7A6-46A6-9515-48D601BBE31A}.Debug|Any CPU.ActiveCfg = Debug|Any CPU
		{4A0F4D3F-A7A6-46A6-9515-48D601BBE31A}.Debug|Any CPU.Build.0 = Debug|Any CPU
		{4A0F4D3F-A7A6-46A6-9515-48D601BBE31A}.Release|Any CPU.ActiveCfg = Release|Any CPU
		{4A0F4D3F-A7A6-46A6-9515-48D601BBE31A}.Release|Any CPU.Build.0 = Release|Any CPU
	EndGlobalSection
	GlobalSection(SolutionProperties) = preSolution
		HideSolutionNode = FALSE
	EndGlobalSection
EndGlobal
